// !$*UTF8*$!
{
	archiveVersion = 1;
	classes = {
	};
	objectVersion = 56;
	objects = {

/* Begin PBXBuildFile section */
		87863B402CD98C7E006ABC10 /* LoadingScene.swift in Sources */ = {isa = PBXBuildFile; fileRef = 87863B3F2CD98C7E006ABC10 /* LoadingScene.swift */; };
		87863B472CDC442A006ABC10 /* InfoPanel.swift in Sources */ = {isa = PBXBuildFile; fileRef = 87863B462CDC442A006ABC10 /* InfoPanel.swift */; };
		8796068E2CDC9FFD0036B65E /* Utilities.swift in Sources */ = {isa = PBXBuildFile; fileRef = 8796068D2CDC9FFD0036B65E /* Utilities.swift */; };
		879606922CDDA6CB0036B65E /* MenuButton.swift in Sources */ = {isa = PBXBuildFile; fileRef = 879606912CDDA6CB0036B65E /* MenuButton.swift */; };
		879606972CDDD1CD0036B65E /* Atmosphere.swift in Sources */ = {isa = PBXBuildFile; fileRef = 879606962CDDD1CD0036B65E /* Atmosphere.swift */; };
		87CAFE222CDD30A70036B65E /* CameraController.swift in Sources */ = {isa = PBXBuildFile; fileRef = 87CAFE112CDD30A70036B65E /* CameraController.swift */; };
		87B0ACDC2CDD30A70036B65E /* BoardContact.swift in Sources */ = {isa = PBXBuildFile; fileRef = 87B0ACDB2CDD30A70036B65E /* BoardContact.swift */; };
		87B0ACEE2CDD30A70036B65E /* RotationTracker.swift in Sources */ = {isa = PBXBuildFile; fileRef = 87B0ACED2CDD30A70036B65E /* RotationTracker.swift */; };
		87B0ACFF2CDD30A70036B65E /* DiveScorer.swift in Sources */ = {isa = PBXBuildFile; fileRef = 87B0ACFE2CDD30A70036B65E /* DiveScorer.swift */; };
		87B0AD002CDD30A70036B65E /* DavePlayer.swift in Sources */ = {isa = PBXBuildFile; fileRef = 87B0AD012CDD30A70036B65E /* DavePlayer.swift */; };
		879FAE5A2CD1474C00F4A8E1 /* AppDelegate.swift in Sources */ = {isa = PBXBuildFile; fileRef = 879FAE592CD1474C00F4A8E1 /* AppDelegate.swift */; };
		879FAE5C2CD1474C00F4A8E1 /* GameViewController.swift in Sources */ = {isa = PBXBuildFile; fileRef = 879FAE5B2CD1474C00F4A8E1 /* GameViewController.swift */; };
		879FAE5F2CD1474C00F4A8E1 /* Base in Resources */ = {isa = PBXBuildFile; fileRef = 879FAE5E2CD1474C00F4A8E1 /* Base */; };
		879FAE622CD1474C00F4A8E1 /* Base in Resources */ = {isa = PBXBuildFile; fileRef = 879FAE612CD1474C00F4A8E1 /* Base */; };
		879FAE662CD1474C00F4A8E1 /* Assets.xcassets in Resources */ = {isa = PBXBuildFile; fileRef = 879FAE512CD1474C00F4A8E1 /* Assets.xcassets */; };
		879FAE6D2CD153F500F4A8E1 /* MainMenuScene.swift in Sources */ = {isa = PBXBuildFile; fileRef = 879FAE6C2CD153F500F4A8E1 /* MainMenuScene.swift */; };
		879FAE6F2CD1542000F4A8E1 /* DiveScene.swift in Sources */ = {isa = PBXBuildFile; fileRef = 879FAE6E2CD1542000F4A8E1 /* DiveScene.swift */; };
		879FAE712CD1543800F4A8E1 /* Constants.swift in Sources */ = {isa = PBXBuildFile; fileRef = 879FAE702CD1543800F4A8E1 /* Constants.swift */; };
		879FAE752CD1874D00F4A8E1 /* ControlButton.swift in Sources */ = {isa = PBXBuildFile; fileRef = 879FAE742CD1874D00F4A8E1 /* ControlButton.swift */; };
		879FAE772CD1877900F4A8E1 /* HUD.swift in Sources */ = {isa = PBXBuildFile; fileRef = 879FAE762CD1877900F4A8E1 /* HUD.swift */; };
		879FAE792CD2B6B000F4A8E1 /* AnimatedSprite.swift in Sources */ = {isa = PBXBuildFile; fileRef = 879FAE782CD2B6B000F4A8E1 /* AnimatedSprite.swift */; };
		87AB00222CDD30A70036B65E /* Haptics.swift in Sources */ = {isa = PBXBuildFile; fileRef = 87AB00112CDD30A70036B65E /* Haptics.swift */; };
		87B0CAFE2D00000200B0CAFE /* StatsStore.swift in Sources */ = {isa = PBXBuildFile; fileRef = 87B0CAFE2D00000100B0CAFE /* StatsStore.swift */; };
		87E10A012D10000200E10A01 /* SceneMetrics.swift in Sources */ = {isa = PBXBuildFile; fileRef = 87E10A002D10000100E10A01 /* SceneMetrics.swift */; };
		87E10A032D10000400E10A01 /* GameState.swift in Sources */ = {isa = PBXBuildFile; fileRef = 87E10A022D10000300E10A01 /* GameState.swift */; };
/* End PBXBuildFile section */

/* Begin PBXFileReference section */
		87863B3F2CD98C7E006ABC10 /* LoadingScene.swift */ = {isa = PBXFileReference; lastKnownFileType = sourcecode.swift; path = LoadingScene.swift; sourceTree = "<group>"; };
		87863B462CDC442A006ABC10 /* InfoPanel.swift */ = {isa = PBXFileReference; lastKnownFileType = sourcecode.swift; path = InfoPanel.swift; sourceTree = "<group>"; };
		8796068D2CDC9FFD0036B65E /* Utilities.swift */ = {isa = PBXFileReference; lastKnownFileType = sourcecode.swift; path = Utilities.swift; sourceTree = "<group>"; };
		879606912CDDA6CB0036B65E /* MenuButton.swift */ = {isa = PBXFileReference; lastKnownFileType = sourcecode.swift; path = MenuButton.swift; sourceTree = "<group>"; };
		879606962CDDD1CD0036B65E /* Atmosphere.swift */ = {isa = PBXFileReference; lastKnownFileType = sourcecode.swift; path = Atmosphere.swift; sourceTree = "<group>"; };
		87CAFE112CDD30A70036B65E /* CameraController.swift */ = {isa = PBXFileReference; lastKnownFileType = sourcecode.swift; path = CameraController.swift; sourceTree = "<group>"; };
		87B0ACDB2CDD30A70036B65E /* BoardContact.swift */ = {isa = PBXFileReference; lastKnownFileType = sourcecode.swift; path = BoardContact.swift; sourceTree = "<group>"; };
		87B0ACED2CDD30A70036B65E /* RotationTracker.swift */ = {isa = PBXFileReference; lastKnownFileType = sourcecode.swift; path = RotationTracker.swift; sourceTree = "<group>"; };
		87B0ACFE2CDD30A70036B65E /* DiveScorer.swift */ = {isa = PBXFileReference; lastKnownFileType = sourcecode.swift; path = DiveScorer.swift; sourceTree = "<group>"; };
		87B0AD012CDD30A70036B65E /* DavePlayer.swift */ = {isa = PBXFileReference; lastKnownFileType = sourcecode.swift; path = DavePlayer.swift; sourceTree = "<group>"; };
		879FAE512CD1474C00F4A8E1 /* Assets.xcassets */ = {isa = PBXFileReference; lastKnownFileType = folder.assetcatalog; path = Assets.xcassets; sourceTree = "<group>"; };
		879FAE562CD1474C00F4A8E1 /* divedave.app */ = {isa = PBXFileReference; explicitFileType = wrapper.application; includeInIndex = 0; path = divedave.app; sourceTree = BUILT_PRODUCTS_DIR; };
		879FAE592CD1474C00F4A8E1 /* AppDelegate.swift */ = {isa = PBXFileReference; lastKnownFileType = sourcecode.swift; path = AppDelegate.swift; sourceTree = "<group>"; };
		879FAE5B2CD1474C00F4A8E1 /* GameViewController.swift */ = {isa = PBXFileReference; lastKnownFileType = sourcecode.swift; path = GameViewController.swift; sourceTree = "<group>"; };
		879FAE5E2CD1474C00F4A8E1 /* Base */ = {isa = PBXFileReference; lastKnownFileType = file.storyboard; name = Base; path = Base.lproj/Main.storyboard; sourceTree = "<group>"; };
		879FAE612CD1474C00F4A8E1 /* Base */ = {isa = PBXFileReference; lastKnownFileType = file.storyboard; name = Base; path = Base.lproj/LaunchScreen.storyboard; sourceTree = "<group>"; };
		879FAE6C2CD153F500F4A8E1 /* MainMenuScene.swift */ = {isa = PBXFileReference; lastKnownFileType = sourcecode.swift; path = MainMenuScene.swift; sourceTree = "<group>"; };
		879FAE6E2CD1542000F4A8E1 /* DiveScene.swift */ = {isa = PBXFileReference; lastKnownFileType = sourcecode.swift; path = DiveScene.swift; sourceTree = "<group>"; };
		879FAE702CD1543800F4A8E1 /* Constants.swift */ = {isa = PBXFileReference; lastKnownFileType = sourcecode.swift; path = Constants.swift; sourceTree = "<group>"; };
		879FAE742CD1874D00F4A8E1 /* ControlButton.swift */ = {isa = PBXFileReference; lastKnownFileType = sourcecode.swift; path = ControlButton.swift; sourceTree = "<group>"; };
		879FAE762CD1877900F4A8E1 /* HUD.swift */ = {isa = PBXFileReference; lastKnownFileType = sourcecode.swift; path = HUD.swift; sourceTree = "<group>"; };
		879FAE782CD2B6B000F4A8E1 /* AnimatedSprite.swift */ = {isa = PBXFileReference; lastKnownFileType = sourcecode.swift; path = AnimatedSprite.swift; sourceTree = "<group>"; };
		87AB00112CDD30A70036B65E /* Haptics.swift */ = {isa = PBXFileReference; lastKnownFileType = sourcecode.swift; path = Haptics.swift; sourceTree = "<group>"; };
		87B0CAFE2D00000100B0CAFE /* StatsStore.swift */ = {isa = PBXFileReference; lastKnownFileType = sourcecode.swift; path = StatsStore.swift; sourceTree = "<group>"; };
		87E10A002D10000100E10A01 /* SceneMetrics.swift */ = {isa = PBXFileReference; lastKnownFileType = sourcecode.swift; path = SceneMetrics.swift; sourceTree = "<group>"; };
		87E10A022D10000300E10A01 /* GameState.swift */ = {isa = PBXFileReference; lastKnownFileType = sourcecode.swift; path = GameState.swift; sourceTree = "<group>"; };
/* End PBXFileReference section */

/* Begin PBXFrameworksBuildPhase section */
		879FAE532CD1474C00F4A8E1 /* Frameworks */ = {
			isa = PBXFrameworksBuildPhase;
			buildActionMask = 2147483647;
			files = (
			);
			runOnlyForDeploymentPostprocessing = 0;
		};
/* End PBXFrameworksBuildPhase section */

/* Begin PBXGroup section */
		87863B432CDA977F006ABC10 /* Scenes */ = {
			isa = PBXGroup;
			children = (
				87863B3F2CD98C7E006ABC10 /* LoadingScene.swift */,
				879FAE6C2CD153F500F4A8E1 /* MainMenuScene.swift */,
				879FAE6E2CD1542000F4A8E1 /* DiveScene.swift */,
			);
			path = Scenes;
			sourceTree = "<group>";
		};
		87863B442CDA97D7006ABC10 /* Components */ = {
			isa = PBXGroup;
			children = (
				879606952CDDD1BF0036B65E /* Scene */,
				879606942CDDD1B60036B65E /* Menu */,
				879606932CDDD1A40036B65E /* Controls */,
			);
			path = Components;
			sourceTree = "<group>";
		};
		87863B452CDA9807006ABC10 /* Util */ = {
			isa = PBXGroup;
			children = (
				879FAE702CD1543800F4A8E1 /* Constants.swift */,
				8796068D2CDC9FFD0036B65E /* Utilities.swift */,
				87E10A002D10000100E10A01 /* SceneMetrics.swift */,
				87E10A022D10000300E10A01 /* GameState.swift */,
				87B0CAFE2D00000100B0CAFE /* StatsStore.swift */,
				87AB00112CDD30A70036B65E /* Haptics.swift */,
			);
			path = Util;
			sourceTree = "<group>";
		};
		879606932CDDD1A40036B65E /* Controls */ = {
			isa = PBXGroup;
			children = (
				879FAE762CD1877900F4A8E1 /* HUD.swift */,
				879FAE742CD1874D00F4A8E1 /* ControlButton.swift */,
			);
			path = Controls;
			sourceTree = "<group>";
		};
		879606942CDDD1B60036B65E /* Menu */ = {
			isa = PBXGroup;
			children = (
				87863B462CDC442A006ABC10 /* InfoPanel.swift */,
				879606912CDDA6CB0036B65E /* MenuButton.swift */,
			);
			path = Menu;
			sourceTree = "<group>";
		};
		879606952CDDD1BF0036B65E /* Scene */ = {
			isa = PBXGroup;
			children = (
				879FAE782CD2B6B000F4A8E1 /* AnimatedSprite.swift */,
				879606962CDDD1CD0036B65E /* Atmosphere.swift */,
				87CAFE112CDD30A70036B65E /* CameraController.swift */,
				87B0ACDB2CDD30A70036B65E /* BoardContact.swift */,
				87B0ACED2CDD30A70036B65E /* RotationTracker.swift */,
				87B0ACFE2CDD30A70036B65E /* DiveScorer.swift */,
				87B0AD012CDD30A70036B65E /* DavePlayer.swift */,
			);
			path = Scene;
			sourceTree = "<group>";
		};
		879FAE482CD1474A00F4A8E1 = {
			isa = PBXGroup;
			children = (
				879FAE4D2CD1474A00F4A8E1 /* divedave Shared */,
				879FAE582CD1474C00F4A8E1 /* divedave iOS */,
				879FAE572CD1474C00F4A8E1 /* Products */,
			);
			sourceTree = "<group>";
		};
		879FAE4D2CD1474A00F4A8E1 /* divedave Shared */ = {
			isa = PBXGroup;
			children = (
				879FAE512CD1474C00F4A8E1 /* Assets.xcassets */,
				87863B452CDA9807006ABC10 /* Util */,
				87863B442CDA97D7006ABC10 /* Components */,
				87863B432CDA977F006ABC10 /* Scenes */,
			);
			path = "divedave Shared";
			sourceTree = "<group>";
		};
		879FAE572CD1474C00F4A8E1 /* Products */ = {
			isa = PBXGroup;
			children = (
				879FAE562CD1474C00F4A8E1 /* divedave.app */,
			);
			name = Products;
			sourceTree = "<group>";
		};
		879FAE582CD1474C00F4A8E1 /* divedave iOS */ = {
			isa = PBXGroup;
			children = (
				879FAE592CD1474C00F4A8E1 /* AppDelegate.swift */,
				879FAE5B2CD1474C00F4A8E1 /* GameViewController.swift */,
				879FAE5D2CD1474C00F4A8E1 /* Main.storyboard */,
				879FAE602CD1474C00F4A8E1 /* LaunchScreen.storyboard */,
			);
			path = "divedave iOS";
			sourceTree = "<group>";
		};
/* End PBXGroup section */

/* Begin PBXNativeTarget section */
		879FAE552CD1474C00F4A8E1 /* divedave iOS */ = {
			isa = PBXNativeTarget;
			buildConfigurationList = 879FAE692CD1474C00F4A8E1 /* Build configuration list for PBXNativeTarget "divedave iOS" */;
			buildPhases = (
				879FAE522CD1474C00F4A8E1 /* Sources */,
				879FAE532CD1474C00F4A8E1 /* Frameworks */,
				879FAE542CD1474C00F4A8E1 /* Resources */,
			);
			buildRules = (
			);
			dependencies = (
			);
			name = "divedave iOS";
			productName = "divedave iOS";
			productReference = 879FAE562CD1474C00F4A8E1 /* divedave.app */;
			productType = "com.apple.product-type.application";
		};
/* End PBXNativeTarget section */

/* Begin PBXProject section */
		879FAE492CD1474A00F4A8E1 /* Project object */ = {
			isa = PBXProject;
			attributes = {
				BuildIndependentTargetsInParallel = 1;
				LastSwiftUpdateCheck = 1540;
				LastUpgradeCheck = 1540;
				TargetAttributes = {
					879FAE552CD1474C00F4A8E1 = {
						CreatedOnToolsVersion = 15.4;
					};
				};
			};
			buildConfigurationList = 879FAE4C2CD1474A00F4A8E1 /* Build configuration list for PBXProject "divedave" */;
			compatibilityVersion = "Xcode 14.0";
			developmentRegion = en;
			hasScannedForEncodings = 0;
			knownRegions = (
				en,
				Base,
			);
			mainGroup = 879FAE482CD1474A00F4A8E1;
			productRefGroup = 879FAE572CD1474C00F4A8E1 /* Products */;
			projectDirPath = "";
			projectRoot = "";
			targets = (
				879FAE552CD1474C00F4A8E1 /* divedave iOS */,
			);
		};
/* End PBXProject section */

/* Begin PBXResourcesBuildPhase section */
		879FAE542CD1474C00F4A8E1 /* Resources */ = {
			isa = PBXResourcesBuildPhase;
			buildActionMask = 2147483647;
			files = (
				879FAE5F2CD1474C00F4A8E1 /* Base in Resources */,
				879FAE622CD1474C00F4A8E1 /* Base in Resources */,
				879FAE662CD1474C00F4A8E1 /* Assets.xcassets in Resources */,
			);
			runOnlyForDeploymentPostprocessing = 0;
		};
/* End PBXResourcesBuildPhase section */

/* Begin PBXSourcesBuildPhase section */
		879FAE522CD1474C00F4A8E1 /* Sources */ = {
			isa = PBXSourcesBuildPhase;
			buildActionMask = 2147483647;
			files = (
				87863B472CDC442A006ABC10 /* InfoPanel.swift in Sources */,
				879FAE6F2CD1542000F4A8E1 /* DiveScene.swift in Sources */,
				8796068E2CDC9FFD0036B65E /* Utilities.swift in Sources */,
				879FAE752CD1874D00F4A8E1 /* ControlButton.swift in Sources */,
				879FAE772CD1877900F4A8E1 /* HUD.swift in Sources */,
				879FAE5C2CD1474C00F4A8E1 /* GameViewController.swift in Sources */,
				87863B402CD98C7E006ABC10 /* LoadingScene.swift in Sources */,
				879FAE6D2CD153F500F4A8E1 /* MainMenuScene.swift in Sources */,
				87E10A012D10000200E10A01 /* SceneMetrics.swift in Sources */,
				87E10A032D10000400E10A01 /* GameState.swift in Sources */,
				87B0CAFE2D00000200B0CAFE /* StatsStore.swift in Sources */,
				87AB00222CDD30A70036B65E /* Haptics.swift in Sources */,
				879606972CDDD1CD0036B65E /* Atmosphere.swift in Sources */,
				87CAFE222CDD30A70036B65E /* CameraController.swift in Sources */,
				87B0ACDC2CDD30A70036B65E /* BoardContact.swift in Sources */,
				87B0ACEE2CDD30A70036B65E /* RotationTracker.swift in Sources */,
				87B0ACFF2CDD30A70036B65E /* DiveScorer.swift in Sources */,
				87B0AD002CDD30A70036B65E /* DavePlayer.swift in Sources */,
				879FAE792CD2B6B000F4A8E1 /* AnimatedSprite.swift in Sources */,
				879FAE5A2CD1474C00F4A8E1 /* AppDelegate.swift in Sources */,
				879606922CDDA6CB0036B65E /* MenuButton.swift in Sources */,
				879FAE712CD1543800F4A8E1 /* Constants.swift in Sources */,
			);
			runOnlyForDeploymentPostprocessing = 0;
		};
/* End PBXSourcesBuildPhase section */

/* Begin PBXVariantGroup section */
		879FAE5D2CD1474C00F4A8E1 /* Main.storyboard */ = {
			isa = PBXVariantGroup;
			children = (
				879FAE5E2CD1474C00F4A8E1 /* Base */,
			);
			name = Main.storyboard;
			sourceTree = "<group>";
		};
		879FAE602CD1474C00F4A8E1 /* LaunchScreen.storyboard */ = {
			isa = PBXVariantGroup;
			children = (
				879FAE612CD1474C00F4A8E1 /* Base */,
			);
			name = LaunchScreen.storyboard;
			sourceTree = "<group>";
		};
/* End PBXVariantGroup section */

/* Begin XCBuildConfiguration section */
		879FAE672CD1474C00F4A8E1 /* Debug */ = {
			isa = XCBuildConfiguration;
			buildSettings = {
				ALWAYS_SEARCH_USER_PATHS = NO;
				ASSETCATALOG_COMPILER_GENERATE_SWIFT_ASSET_SYMBOL_EXTENSIONS = YES;
				CLANG_ANALYZER_NONNULL = YES;
				CLANG_ANALYZER_NUMBER_OBJECT_CONVERSION = YES_AGGRESSIVE;
				CLANG_CXX_LANGUAGE_STANDARD = "gnu++20";
				CLANG_ENABLE_MODULES = YES;
				CLANG_ENABLE_OBJC_ARC = YES;
				CLANG_ENABLE_OBJC_WEAK = YES;
				CLANG_WARN_BLOCK_CAPTURE_AUTORELEASING = YES;
				CLANG_WARN_BOOL_CONVERSION = YES;
				CLANG_WARN_COMMA = YES;
				CLANG_WARN_CONSTANT_CONVERSION = YES;
				CLANG_WARN_DEPRECATED_OBJC_IMPLEMENTATIONS = YES;
				CLANG_WARN_DIRECT_OBJC_ISA_USAGE = YES_ERROR;
				CLANG_WARN_DOCUMENTATION_COMMENTS = YES;
				CLANG_WARN_EMPTY_BODY = YES;
				CLANG_WARN_ENUM_CONVERSION = YES;
				CLANG_WARN_INFINITE_RECURSION = YES;
				CLANG_WARN_INT_CONVERSION = YES;
				CLANG_WARN_NON_LITERAL_NULL_CONVERSION = YES;
				CLANG_WARN_OBJC_IMPLICIT_RETAIN_SELF = YES;
				CLANG_WARN_OBJC_LITERAL_CONVERSION = YES;
				CLANG_WARN_OBJC_ROOT_CLASS = YES_ERROR;
				CLANG_WARN_QUOTED_INCLUDE_IN_FRAMEWORK_HEADER = YES;
				CLANG_WARN_RANGE_LOOP_ANALYSIS = YES;
				CLANG_WARN_STRICT_PROTOTYPES = YES;
				CLANG_WARN_SUSPICIOUS_MOVE = YES;
				CLANG_WARN_UNGUARDED_AVAILABILITY = YES_AGGRESSIVE;
				CLANG_WARN_UNREACHABLE_CODE = YES;
				CLANG_WARN__DUPLICATE_METHOD_MATCH = YES;
				COPY_PHASE_STRIP = NO;
				DEBUG_INFORMATION_FORMAT = dwarf;
				ENABLE_STRICT_OBJC_MSGSEND = YES;
				ENABLE_TESTABILITY = YES;
				ENABLE_USER_SCRIPT_SANDBOXING = YES;
				GCC_C_LANGUAGE_STANDARD = gnu17;
				GCC_DYNAMIC_NO_PIC = NO;
				GCC_NO_COMMON_BLOCKS = YES;
				GCC_OPTIMIZATION_LEVEL = 0;
				GCC_PREPROCESSOR_DEFINITIONS = (
					"DEBUG=1",
					"$(inherited)",
				);
				GCC_WARN_64_TO_32_BIT_CONVERSION = YES;
				GCC_WARN_ABOUT_RETURN_TYPE = YES_ERROR;
				GCC_WARN_UNDECLARED_SELECTOR = YES;
				GCC_WARN_UNINITIALIZED_AUTOS = YES_AGGRESSIVE;
				GCC_WARN_UNUSED_FUNCTION = YES;
				GCC_WARN_UNUSED_VARIABLE = YES;
				LOCALIZATION_PREFERS_STRING_CATALOGS = YES;
				MTL_ENABLE_DEBUG_INFO = INCLUDE_SOURCE;
				MTL_FAST_MATH = YES;
				ONLY_ACTIVE_ARCH = YES;
				SWIFT_ACTIVE_COMPILATION_CONDITIONS = "DEBUG $(inherited)";
				SWIFT_OPTIMIZATION_LEVEL = "-Onone";
			};
			name = Debug;
		};
		879FAE682CD1474C00F4A8E1 /* Release */ = {
			isa = XCBuildConfiguration;
			buildSettings = {
				ALWAYS_SEARCH_USER_PATHS = NO;
				ASSETCATALOG_COMPILER_GENERATE_SWIFT_ASSET_SYMBOL_EXTENSIONS = YES;
				CLANG_ANALYZER_NONNULL = YES;
				CLANG_ANALYZER_NUMBER_OBJECT_CONVERSION = YES_AGGRESSIVE;
				CLANG_CXX_LANGUAGE_STANDARD = "gnu++20";
				CLANG_ENABLE_MODULES = YES;
				CLANG_ENABLE_OBJC_ARC = YES;
				CLANG_ENABLE_OBJC_WEAK = YES;
				CLANG_WARN_BLOCK_CAPTURE_AUTORELEASING = YES;
				CLANG_WARN_BOOL_CONVERSION = YES;
				CLANG_WARN_COMMA = YES;
				CLANG_WARN_CONSTANT_CONVERSION = YES;
				CLANG_WARN_DEPRECATED_OBJC_IMPLEMENTATIONS = YES;
				CLANG_WARN_DIRECT_OBJC_ISA_USAGE = YES_ERROR;
				CLANG_WARN_DOCUMENTATION_COMMENTS = YES;
				CLANG_WARN_EMPTY_BODY = YES;
				CLANG_WARN_ENUM_CONVERSION = YES;
				CLANG_WARN_INFINITE_RECURSION = YES;
				CLANG_WARN_INT_CONVERSION = YES;
				CLANG_WARN_NON_LITERAL_NULL_CONVERSION = YES;
				CLANG_WARN_OBJC_IMPLICIT_RETAIN_SELF = YES;
				CLANG_WARN_OBJC_LITERAL_CONVERSION = YES;
				CLANG_WARN_OBJC_ROOT_CLASS = YES_ERROR;
				CLANG_WARN_QUOTED_INCLUDE_IN_FRAMEWORK_HEADER = YES;
				CLANG_WARN_RANGE_LOOP_ANALYSIS = YES;
				CLANG_WARN_STRICT_PROTOTYPES = YES;
				CLANG_WARN_SUSPICIOUS_MOVE = YES;
				CLANG_WARN_UNGUARDED_AVAILABILITY = YES_AGGRESSIVE;
				CLANG_WARN_UNREACHABLE_CODE = YES;
				CLANG_WARN__DUPLICATE_METHOD_MATCH = YES;
				COPY_PHASE_STRIP = NO;
				DEBUG_INFORMATION_FORMAT = "dwarf-with-dsym";
				ENABLE_NS_ASSERTIONS = NO;
				ENABLE_STRICT_OBJC_MSGSEND = YES;
				ENABLE_USER_SCRIPT_SANDBOXING = YES;
				GCC_C_LANGUAGE_STANDARD = gnu17;
				GCC_NO_COMMON_BLOCKS = YES;
				GCC_WARN_64_TO_32_BIT_CONVERSION = YES;
				GCC_WARN_ABOUT_RETURN_TYPE = YES_ERROR;
				GCC_WARN_UNDECLARED_SELECTOR = YES;
				GCC_WARN_UNINITIALIZED_AUTOS = YES_AGGRESSIVE;
				GCC_WARN_UNUSED_FUNCTION = YES;
				GCC_WARN_UNUSED_VARIABLE = YES;
				LOCALIZATION_PREFERS_STRING_CATALOGS = YES;
				MTL_ENABLE_DEBUG_INFO = NO;
				MTL_FAST_MATH = YES;
				SWIFT_COMPILATION_MODE = wholemodule;
			};
			name = Release;
		};
		879FAE6A2CD1474C00F4A8E1 /* Debug */ = {
			isa = XCBuildConfiguration;
			buildSettings = {
				ASSETCATALOG_COMPILER_APPICON_NAME = AppIcon;
				ASSETCATALOG_COMPILER_GLOBAL_ACCENT_COLOR_NAME = AccentColor;
				CODE_SIGN_STYLE = Automatic;
				CURRENT_PROJECT_VERSION = 1;
				DEVELOPMENT_TEAM = 4RHGPJWXAX;
				GENERATE_INFOPLIST_FILE = YES;
				INFOPLIST_KEY_CFBundleDisplayName = "Dive Dave";
				INFOPLIST_KEY_ITSAppUsesNonExemptEncryption = NO;
				INFOPLIST_KEY_UIApplicationSupportsIndirectInputEvents = YES;
				INFOPLIST_KEY_UILaunchStoryboardName = LaunchScreen;
				INFOPLIST_KEY_UIMainStoryboardFile = Main;
				INFOPLIST_KEY_UIStatusBarHidden = YES;
				INFOPLIST_KEY_UISupportedInterfaceOrientations = "UIInterfaceOrientationPortrait UIInterfaceOrientationPortraitUpsideDown";
				IPHONEOS_DEPLOYMENT_TARGET = 15.0;
				LD_RUNPATH_SEARCH_PATHS = (
					"$(inherited)",
					"@executable_path/Frameworks",
				);
				MARKETING_VERSION = 1.0;
				PRODUCT_BUNDLE_IDENTIFIER = com.drawvid.divedave;
				PRODUCT_NAME = divedave;
				SDKROOT = iphoneos;
				SUPPORTED_PLATFORMS = "iphoneos iphonesimulator";
				SUPPORTS_MACCATALYST = NO;
				SUPPORTS_MAC_DESIGNED_FOR_IPHONE_IPAD = NO;
				SUPPORTS_XR_DESIGNED_FOR_IPHONE_IPAD = YES;
				SWIFT_EMIT_LOC_STRINGS = YES;
				SWIFT_VERSION = 5.9;
				TARGETED_DEVICE_FAMILY = 1;
			};
			name = Debug;
		};
		879FAE6B2CD1474C00F4A8E1 /* Release */ = {
			isa = XCBuildConfiguration;
			buildSettings = {
				ASSETCATALOG_COMPILER_APPICON_NAME = AppIcon;
				ASSETCATALOG_COMPILER_GLOBAL_ACCENT_COLOR_NAME = AccentColor;
				CODE_SIGN_STYLE = Automatic;
				CURRENT_PROJECT_VERSION = 1;
				DEVELOPMENT_TEAM = 4RHGPJWXAX;
				GENERATE_INFOPLIST_FILE = YES;
				INFOPLIST_KEY_CFBundleDisplayName = "Dive Dave";
				INFOPLIST_KEY_ITSAppUsesNonExemptEncryption = NO;
				INFOPLIST_KEY_UIApplicationSupportsIndirectInputEvents = YES;
				INFOPLIST_KEY_UILaunchStoryboardName = LaunchScreen;
				INFOPLIST_KEY_UIMainStoryboardFile = Main;
				INFOPLIST_KEY_UIStatusBarHidden = YES;
				INFOPLIST_KEY_UISupportedInterfaceOrientations = "UIInterfaceOrientationPortrait UIInterfaceOrientationPortraitUpsideDown";
				IPHONEOS_DEPLOYMENT_TARGET = 15.0;
				LD_RUNPATH_SEARCH_PATHS = (
					"$(inherited)",
					"@executable_path/Frameworks",
				);
				MARKETING_VERSION = 1.0;
				PRODUCT_BUNDLE_IDENTIFIER = com.drawvid.divedave;
				PRODUCT_NAME = divedave;
				SDKROOT = iphoneos;
				SUPPORTED_PLATFORMS = "iphoneos iphonesimulator";
				SUPPORTS_MACCATALYST = NO;
				SUPPORTS_MAC_DESIGNED_FOR_IPHONE_IPAD = NO;
				SUPPORTS_XR_DESIGNED_FOR_IPHONE_IPAD = YES;
				SWIFT_EMIT_LOC_STRINGS = YES;
				SWIFT_VERSION = 5.9;
				TARGETED_DEVICE_FAMILY = 1;
				VALIDATE_PRODUCT = YES;
			};
			name = Release;
		};
/* End XCBuildConfiguration section */

/* Begin XCConfigurationList section */
		879FAE4C2CD1474A00F4A8E1 /* Build configuration list for PBXProject "divedave" */ = {
			isa = XCConfigurationList;
			buildConfigurations = (
				879FAE672CD1474C00F4A8E1 /* Debug */,
				879FAE682CD1474C00F4A8E1 /* Release */,
			);
			defaultConfigurationIsVisible = 0;
			defaultConfigurationName = Release;
		};
		879FAE692CD1474C00F4A8E1 /* Build configuration list for PBXNativeTarget "divedave iOS" */ = {
			isa = XCConfigurationList;
			buildConfigurations = (
				879FAE6A2CD1474C00F4A8E1 /* Debug */,
				879FAE6B2CD1474C00F4A8E1 /* Release */,
			);
			defaultConfigurationIsVisible = 0;
			defaultConfigurationName = Release;
		};
/* End XCConfigurationList section */
	};
	rootObject = 879FAE492CD1474A00F4A8E1 /* Project object */;
}
